// !$*UTF8*$!
{
	archiveVersion = 1;
	classes = {
	};
	objectVersion = 48;
	objects = {

/* Begin PBXBuildFile section */
		0865DB5ED8DA56F7662469FA /* Pods_DocumentManager.framework in Frameworks */ = {isa = PBXBuildFile; fileRef = 90DEEF3DB231605FE07788F7 /* Pods_DocumentManager.framework */; };
		C439D4CE20169E7700640F6E /* AppDelegate.swift in Sources */ = {isa = PBXBuildFile; fileRef = C439D4CD20169E7700640F6E /* AppDelegate.swift */; };
		C439D4D020169E7700640F6E /* ViewController.swift in Sources */ = {isa = PBXBuildFile; fileRef = C439D4CF20169E7700640F6E /* ViewController.swift */; };
		C439D4D320169E7700640F6E /* Main.storyboard in Resources */ = {isa = PBXBuildFile; fileRef = C439D4D120169E7700640F6E /* Main.storyboard */; };
		C439D4D520169E7700640F6E /* Assets.xcassets in Resources */ = {isa = PBXBuildFile; fileRef = C439D4D420169E7700640F6E /* Assets.xcassets */; };
		C439D4D820169E7700640F6E /* LaunchScreen.storyboard in Resources */ = {isa = PBXBuildFile; fileRef = C439D4D620169E7700640F6E /* LaunchScreen.storyboard */; };
		C439D4E020169FDC00640F6E /* CollectionType.swift in Sources */ = {isa = PBXBuildFile; fileRef = C439D4DF20169FDC00640F6E /* CollectionType.swift */; };
		C439D4E22016ABA400640F6E /* NetworkLayer.swift in Sources */ = {isa = PBXBuildFile; fileRef = C439D4E12016ABA400640F6E /* NetworkLayer.swift */; };
		C4BFF87420193E8F00736977 /* DocumentLayer.swift in Sources */ = {isa = PBXBuildFile; fileRef = C4BFF87320193E8F00736977 /* DocumentLayer.swift */; };
/* End PBXBuildFile section */

/* Begin PBXFileReference section */
		4FB12785C238CFAE8E0BD304 /* Pods-DocumentManager.debug.xcconfig */ = {isa = PBXFileReference; includeInIndex = 1; lastKnownFileType = text.xcconfig; name = "Pods-DocumentManager.debug.xcconfig"; path = "Pods/Target Support Files/Pods-DocumentManager/Pods-DocumentManager.debug.xcconfig"; sourceTree = "<group>"; };
		8B2C171194A2ABE9BA8C743D /* Pods-DocumentManager.release.xcconfig */ = {isa = PBXFileReference; includeInIndex = 1; lastKnownFileType = text.xcconfig; name = "Pods-DocumentManager.release.xcconfig"; path = "Pods/Target Support Files/Pods-DocumentManager/Pods-DocumentManager.release.xcconfig"; sourceTree = "<group>"; };
		90DEEF3DB231605FE07788F7 /* Pods_DocumentManager.framework */ = {isa = PBXFileReference; explicitFileType = wrapper.framework; includeInIndex = 0; path = Pods_DocumentManager.framework; sourceTree = BUILT_PRODUCTS_DIR; };
		C439D4CA20169E7700640F6E /* DocumentManager.app */ = {isa = PBXFileReference; explicitFileType = wrapper.application; includeInIndex = 0; path = DocumentManager.app; sourceTree = BUILT_PRODUCTS_DIR; };
		C439D4CD20169E7700640F6E /* AppDelegate.swift */ = {isa = PBXFileReference; lastKnownFileType = sourcecode.swift; path = AppDelegate.swift; sourceTree = "<group>"; };
		C439D4CF20169E7700640F6E /* ViewController.swift */ = {isa = PBXFileReference; lastKnownFileType = sourcecode.swift; path = ViewController.swift; sourceTree = "<group>"; };
		C439D4D220169E7700640F6E /* Base */ = {isa = PBXFileReference; lastKnownFileType = file.storyboard; name = Base; path = Base.lproj/Main.storyboard; sourceTree = "<group>"; };
		C439D4D420169E7700640F6E /* Assets.xcassets */ = {isa = PBXFileReference; lastKnownFileType = folder.assetcatalog; path = Assets.xcassets; sourceTree = "<group>"; };
		C439D4D720169E7700640F6E /* Base */ = {isa = PBXFileReference; lastKnownFileType = file.storyboard; name = Base; path = Base.lproj/LaunchScreen.storyboard; sourceTree = "<group>"; };
		C439D4D920169E7700640F6E /* Info.plist */ = {isa = PBXFileReference; lastKnownFileType = text.plist.xml; path = Info.plist; sourceTree = "<group>"; };
		C439D4DF20169FDC00640F6E /* CollectionType.swift */ = {isa = PBXFileReference; lastKnownFileType = sourcecode.swift; path = CollectionType.swift; sourceTree = "<group>"; };
		C439D4E12016ABA400640F6E /* NetworkLayer.swift */ = {isa = PBXFileReference; lastKnownFileType = sourcecode.swift; path = NetworkLayer.swift; sourceTree = "<group>"; };
		C4BFF87320193E8F00736977 /* DocumentLayer.swift */ = {isa = PBXFileReference; lastKnownFileType = sourcecode.swift; path = DocumentLayer.swift; sourceTree = "<group>"; };
/* End PBXFileReference section */

/* Begin PBXFrameworksBuildPhase section */
		C439D4C720169E7700640F6E /* Frameworks */ = {
			isa = PBXFrameworksBuildPhase;
			buildActionMask = 2147483647;
			files = (
				0865DB5ED8DA56F7662469FA /* Pods_DocumentManager.framework in Frameworks */,
			);
			runOnlyForDeploymentPostprocessing = 0;
		};
/* End PBXFrameworksBuildPhase section */

/* Begin PBXGroup section */
		25627B457E458382ECAD8B12 /* Pods */ = {
			isa = PBXGroup;
			children = (
				4FB12785C238CFAE8E0BD304 /* Pods-DocumentManager.debug.xcconfig */,
				8B2C171194A2ABE9BA8C743D /* Pods-DocumentManager.release.xcconfig */,
			);
			name = Pods;
			sourceTree = "<group>";
		};
		B746D9803D1295F15C855916 /* Frameworks */ = {
			isa = PBXGroup;
			children = (
				90DEEF3DB231605FE07788F7 /* Pods_DocumentManager.framework */,
			);
			name = Frameworks;
			sourceTree = "<group>";
		};
		C439D4C120169E7700640F6E = {
			isa = PBXGroup;
			children = (
				C439D4CC20169E7700640F6E /* DocumentManager */,
				C439D4CB20169E7700640F6E /* Products */,
				25627B457E458382ECAD8B12 /* Pods */,
				B746D9803D1295F15C855916 /* Frameworks */,
			);
			sourceTree = "<group>";
		};
		C439D4CB20169E7700640F6E /* Products */ = {
			isa = PBXGroup;
			children = (
				C439D4CA20169E7700640F6E /* DocumentManager.app */,
			);
			name = Products;
			sourceTree = "<group>";
		};
		C439D4CC20169E7700640F6E /* DocumentManager */ = {
			isa = PBXGroup;
			children = (
				C439D4CD20169E7700640F6E /* AppDelegate.swift */,
				C439D4CF20169E7700640F6E /* ViewController.swift */,
				C439D4DF20169FDC00640F6E /* CollectionType.swift */,
				C439D4E12016ABA400640F6E /* NetworkLayer.swift */,
				C4BFF87320193E8F00736977 /* DocumentLayer.swift */,
				C439D4D120169E7700640F6E /* Main.storyboard */,
				C439D4D420169E7700640F6E /* Assets.xcassets */,
				C439D4D620169E7700640F6E /* LaunchScreen.storyboard */,
				C439D4D920169E7700640F6E /* Info.plist */,
			);
			path = DocumentManager;
			sourceTree = "<group>";
		};
/* End PBXGroup section */

/* Begin PBXNativeTarget section */
		C439D4C920169E7700640F6E /* DocumentManager */ = {
			isa = PBXNativeTarget;
			buildConfigurationList = C439D4DC20169E7700640F6E /* Build configuration list for PBXNativeTarget "DocumentManager" */;
			buildPhases = (
				7FCC63F11629F257BCC06C7E /* [CP] Check Pods Manifest.lock */,
				C439D4C620169E7700640F6E /* Sources */,
				C439D4C720169E7700640F6E /* Frameworks */,
				C439D4C820169E7700640F6E /* Resources */,
				7E22A7727A588307B8E30A99 /* [CP] Embed Pods Frameworks */,
				B39FE69E28CEC85C69D85EBC /* [CP] Copy Pods Resources */,
			);
			buildRules = (
			);
			dependencies = (
			);
			name = DocumentManager;
			productName = DocumentManager;
			productReference = C439D4CA20169E7700640F6E /* DocumentManager.app */;
			productType = "com.apple.product-type.application";
		};
/* End PBXNativeTarget section */

/* Begin PBXProject section */
		C439D4C220169E7700640F6E /* Project object */ = {
			isa = PBXProject;
			attributes = {
				LastSwiftUpdateCheck = 0920;
				LastUpgradeCheck = 0920;
				ORGANIZATIONNAME = "Bob De Kort";
				TargetAttributes = {
					C439D4C920169E7700640F6E = {
						CreatedOnToolsVersion = 9.2;
						ProvisioningStyle = Automatic;
					};
				};
			};
			buildConfigurationList = C439D4C520169E7700640F6E /* Build configuration list for PBXProject "DocumentManager" */;
			compatibilityVersion = "Xcode 8.0";
			developmentRegion = en;
			hasScannedForEncodings = 0;
			knownRegions = (
				en,
				Base,
			);
			mainGroup = C439D4C120169E7700640F6E;
			productRefGroup = C439D4CB20169E7700640F6E /* Products */;
			projectDirPath = "";
			projectRoot = "";
			targets = (
				C439D4C920169E7700640F6E /* DocumentManager */,
			);
		};
/* End PBXProject section */

/* Begin PBXResourcesBuildPhase section */
		C439D4C820169E7700640F6E /* Resources */ = {
			isa = PBXResourcesBuildPhase;
			buildActionMask = 2147483647;
			files = (
				C439D4D820169E7700640F6E /* LaunchScreen.storyboard in Resources */,
				C439D4D520169E7700640F6E /* Assets.xcassets in Resources */,
				C439D4D320169E7700640F6E /* Main.storyboard in Resources */,
			);
			runOnlyForDeploymentPostprocessing = 0;
		};
/* End PBXResourcesBuildPhase section */

/* Begin PBXShellScriptBuildPhase section */
		7E22A7727A588307B8E30A99 /* [CP] Embed Pods Frameworks */ = {
			isa = PBXShellScriptBuildPhase;
			buildActionMask = 2147483647;
			files = (
			);
			inputPaths = (
				"${SRCROOT}/Pods/Target Support Files/Pods-DocumentManager/Pods-DocumentManager-frameworks.sh",
				"${BUILT_PRODUCTS_DIR}/Alamofire/Alamofire.framework",
				"${BUILT_PRODUCTS_DIR}/Zip/Zip.framework",
			);
			name = "[CP] Embed Pods Frameworks";
			outputPaths = (
				"${TARGET_BUILD_DIR}/${FRAMEWORKS_FOLDER_PATH}/Alamofire.framework",
				"${TARGET_BUILD_DIR}/${FRAMEWORKS_FOLDER_PATH}/Zip.framework",
			);
			runOnlyForDeploymentPostprocessing = 0;
			shellPath = /bin/sh;
			shellScript = "\"${SRCROOT}/Pods/Target Support Files/Pods-DocumentManager/Pods-DocumentManager-frameworks.sh\"\n";
			showEnvVarsInLog = 0;
		};
		7FCC63F11629F257BCC06C7E /* [CP] Check Pods Manifest.lock */ = {
			isa = PBXShellScriptBuildPhase;
			buildActionMask = 2147483647;
			files = (
			);
			inputPaths = (
				"${PODS_PODFILE_DIR_PATH}/Podfile.lock",
				"${PODS_ROOT}/Manifest.lock",
			);
			name = "[CP] Check Pods Manifest.lock";
			outputPaths = (
				"$(DERIVED_FILE_DIR)/Pods-DocumentManager-checkManifestLockResult.txt",
			);
			runOnlyForDeploymentPostprocessing = 0;
			shellPath = /bin/sh;
			shellScript = "diff \"${PODS_PODFILE_DIR_PATH}/Podfile.lock\" \"${PODS_ROOT}/Manifest.lock\" > /dev/null\nif [ $? != 0 ] ; then\n    # print error to STDERR\n    echo \"error: The sandbox is not in sync with the Podfile.lock. Run 'pod install' or update your CocoaPods installation.\" >&2\n    exit 1\nfi\n# This output is used by Xcode 'outputs' to avoid re-running this script phase.\necho \"SUCCESS\" > \"${SCRIPT_OUTPUT_FILE_0}\"\n";
			showEnvVarsInLog = 0;
		};
		B39FE69E28CEC85C69D85EBC /* [CP] Copy Pods Resources */ = {
			isa = PBXShellScriptBuildPhase;
			buildActionMask = 2147483647;
			files = (
			);
			inputPaths = (
			);
			name = "[CP] Copy Pods Resources";
			outputPaths = (
			);
			runOnlyForDeploymentPostprocessing = 0;
			shellPath = /bin/sh;
			shellScript = "\"${SRCROOT}/Pods/Target Support Files/Pods-DocumentManager/Pods-DocumentManager-resources.sh\"\n";
			showEnvVarsInLog = 0;
		};
/* End PBXShellScriptBuildPhase section */

/* Begin PBXSourcesBuildPhase section */
		C439D4C620169E7700640F6E /* Sources */ = {
			isa = PBXSourcesBuildPhase;
			buildActionMask = 2147483647;
			files = (
				C439D4E22016ABA400640F6E /* NetworkLayer.swift in Sources */,
				C439D4D020169E7700640F6E /* ViewController.swift in Sources */,
				C439D4CE20169E7700640F6E /* AppDelegate.swift in Sources */,
				C439D4E020169FDC00640F6E /* CollectionType.swift in Sources */,
				C4BFF87420193E8F00736977 /* DocumentLayer.swift in Sources */,
			);
			runOnlyForDeploymentPostprocessing = 0;
		};
/* End PBXSourcesBuildPhase section */

/* Begin PBXVariantGroup section */
		C439D4D120169E7700640F6E /* Main.storyboard */ = {
			isa = PBXVariantGroup;
			children = (
				C439D4D220169E7700640F6E /* Base */,
			);
			name = Main.storyboard;
			sourceTree = "<group>";
		};
		C439D4D620169E7700640F6E /* LaunchScreen.storyboard */ = {
			isa = PBXVariantGroup;
			children = (
				C439D4D720169E7700640F6E /* Base */,
			);
			name = LaunchScreen.storyboard;
			sourceTree = "<group>";
		};
/* End PBXVariantGroup section */

/* Begin XCBuildConfiguration section */
		C439D4DA20169E7700640F6E /* Debug */ = {
			isa = XCBuildConfiguration;
			buildSettings = {
				ALWAYS_SEARCH_USER_PATHS = NO;
				CLANG_ANALYZER_NONNULL = YES;
				CLANG_ANALYZER_NUMBER_OBJECT_CONVERSION = YES_AGGRESSIVE;
				CLANG_CXX_LANGUAGE_STANDARD = "gnu++14";
				CLANG_CXX_LIBRARY = "libc++";
				CLANG_ENABLE_MODULES = YES;
				CLANG_ENABLE_OBJC_ARC = YES;
				CLANG_WARN_BLOCK_CAPTURE_AUTORELEASING = YES;
				CLANG_WARN_BOOL_CONVERSION = YES;
				CLANG_WARN_COMMA = YES;
				CLANG_WARN_CONSTANT_CONVERSION = YES;
				CLANG_WARN_DIRECT_OBJC_ISA_USAGE = YES_ERROR;
				CLANG_WARN_DOCUMENTATION_COMMENTS = YES;
				CLANG_WARN_EMPTY_BODY = YES;
				CLANG_WARN_ENUM_CONVERSION = YES;
				CLANG_WARN_INFINITE_RECURSION = YES;
				CLANG_WARN_INT_CONVERSION = YES;
				CLANG_WARN_NON_LITERAL_NULL_CONVERSION = YES;
				CLANG_WARN_OBJC_LITERAL_CONVERSION = YES;
				CLANG_WARN_OBJC_ROOT_CLASS = YES_ERROR;
				CLANG_WARN_RANGE_LOOP_ANALYSIS = YES;
				CLANG_WARN_STRICT_PROTOTYPES = YES;
				CLANG_WARN_SUSPICIOUS_MOVE = YES;
				CLANG_WARN_UNGUARDED_AVAILABILITY = YES_AGGRESSIVE;
				CLANG_WARN_UNREACHABLE_CODE = YES;
				CLANG_WARN__DUPLICATE_METHOD_MATCH = YES;
				CODE_SIGN_IDENTITY = "iPhone Developer";
				COPY_PHASE_STRIP = NO;
				DEBUG_INFORMATION_FORMAT = dwarf;
				ENABLE_STRICT_OBJC_MSGSEND = YES;
				ENABLE_TESTABILITY = YES;
				GCC_C_LANGUAGE_STANDARD = gnu11;
				GCC_DYNAMIC_NO_PIC = NO;
				GCC_NO_COMMON_BLOCKS = YES;
				GCC_OPTIMIZATION_LEVEL = 0;
				GCC_PREPROCESSOR_DEFINITIONS = (
					"DEBUG=1",
					"$(inherited)",
				);
				GCC_WARN_64_TO_32_BIT_CONVERSION = YES;
				GCC_WARN_ABOUT_RETURN_TYPE = YES_ERROR;
				GCC_WARN_UNDECLARED_SELECTOR = YES;
				GCC_WARN_UNINITIALIZED_AUTOS = YES_AGGRESSIVE;
				GCC_WARN_UNUSED_FUNCTION = YES;
				GCC_WARN_UNUSED_VARIABLE = YES;
				IPHONEOS_DEPLOYMENT_TARGET = 11.2;
				MTL_ENABLE_DEBUG_INFO = YES;
				ONLY_ACTIVE_ARCH = YES;
				SDKROOT = iphoneos;
				SWIFT_ACTIVE_COMPILATION_CONDITIONS = DEBUG;
				SWIFT_OPTIMIZATION_LEVEL = "-Onone";
			};
			name = Debug;
		};
		C439D4DB20169E7700640F6E /* Release */ = {
			isa = XCBuildConfiguration;
			buildSettings = {
				ALWAYS_SEARCH_USER_PATHS = NO;
				CLANG_ANALYZER_NONNULL = YES;
				CLANG_ANALYZER_NUMBER_OBJECT_CONVERSION = YES_AGGRESSIVE;
				CLANG_CXX_LANGUAGE_STANDARD = "gnu++14";
				CLANG_CXX_LIBRARY = "libc++";
				CLANG_ENABLE_MODULES = YES;
				CLANG_ENABLE_OBJC_ARC = YES;
				CLANG_WARN_BLOCK_CAPTURE_AUTORELEASING = YES;
				CLANG_WARN_BOOL_CONVERSION = YES;
				CLANG_WARN_COMMA = YES;
				CLANG_WARN_CONSTANT_CONVERSION = YES;
				CLANG_WARN_DIRECT_OBJC_ISA_USAGE = YES_ERROR;
				CLANG_WARN_DOCUMENTATION_COMMENTS = YES;
				CLANG_WARN_EMPTY_BODY = YES;
				CLANG_WARN_ENUM_CONVERSION = YES;
				CLANG_WARN_INFINITE_RECURSION = YES;
				CLANG_WARN_INT_CONVERSION = YES;
				CLANG_WARN_NON_LITERAL_NULL_CONVERSION = YES;
				CLANG_WARN_OBJC_LITERAL_CONVERSION = YES;
				CLANG_WARN_OBJC_ROOT_CLASS = YES_ERROR;
				CLANG_WARN_RANGE_LOOP_ANALYSIS = YES;
				CLANG_WARN_STRICT_PROTOTYPES = YES;
				CLANG_WARN_SUSPICIOUS_MOVE = YES;
				CLANG_WARN_UNGUARDED_AVAILABILITY = YES_AGGRESSIVE;
				CLANG_WARN_UNREACHABLE_CODE = YES;
				CLANG_WARN__DUPLICATE_METHOD_MATCH = YES;
				CODE_SIGN_IDENTITY = "iPhone Developer";
				COPY_PHASE_STRIP = NO;
				DEBUG_INFORMATION_FORMAT = "dwarf-with-dsym";
				ENABLE_NS_ASSERTIONS = NO;
				ENABLE_STRICT_OBJC_MSGSEND = YES;
				GCC_C_LANGUAGE_STANDARD = gnu11;
				GCC_NO_COMMON_BLOCKS = YES;
				GCC_WARN_64_TO_32_BIT_CONVERSION = YES;
				GCC_WARN_ABOUT_RETURN_TYPE = YES_ERROR;
				GCC_WARN_UNDECLARED_SELECTOR = YES;
				GCC_WARN_UNINITIALIZED_AUTOS = YES_AGGRESSIVE;
				GCC_WARN_UNUSED_FUNCTION = YES;
				GCC_WARN_UNUSED_VARIABLE = YES;
				IPHONEOS_DEPLOYMENT_TARGET = 11.2;
				MTL_ENABLE_DEBUG_INFO = NO;
				SDKROOT = iphoneos;
				SWIFT_OPTIMIZATION_LEVEL = "-Owholemodule";
				VALIDATE_PRODUCT = YES;
			};
			name = Release;
		};
		C439D4DD20169E7700640F6E /* Debug */ = {
			isa = XCBuildConfiguration;
			baseConfigurationReference = 4FB12785C238CFAE8E0BD304 /* Pods-DocumentManager.debug.xcconfig */;
			buildSettings = {
				ASSETCATALOG_COMPILER_APPICON_NAME = AppIcon;
				CODE_SIGN_STYLE = Automatic;
				DEVELOPMENT_TEAM = A5H76GF32M;
				INFOPLIST_FILE = DocumentManager/Info.plist;
				LD_RUNPATH_SEARCH_PATHS = "$(inherited) @executable_path/Frameworks";
				PRODUCT_BUNDLE_IDENTIFIER = "Bob-De-Kort.DocumentManager";
				PRODUCT_NAME = "$(TARGET_NAME)";
				SWIFT_VERSION = 4.0;
				TARGETED_DEVICE_FAMILY = "1,2";
			};
			name = Debug;
		};
		C439D4DE20169E7700640F6E /* Release */ = {
			isa = XCBuildConfiguration;
			baseConfigurationReference = 8B2C171194A2ABE9BA8C743D /* Pods-DocumentManager.release.xcconfig */;
			buildSettings = {
				ASSETCATALOG_COMPILER_APPICON_NAME = AppIcon;
				CODE_SIGN_STYLE = Automatic;
				DEVELOPMENT_TEAM = A5H76GF32M;
				INFOPLIST_FILE = DocumentManager/Info.plist;
				LD_RUNPATH_SEARCH_PATHS = "$(inherited) @executable_path/Frameworks";
				PRODUCT_BUNDLE_IDENTIFIER = "Bob-De-Kort.DocumentManager";
				PRODUCT_NAME = "$(TARGET_NAME)";
				SWIFT_VERSION = 4.0;
				TARGETED_DEVICE_FAMILY = "1,2";
			};
			name = Release;
		};
/* End XCBuildConfiguration section */

/* Begin XCConfigurationList section */
		C439D4C520169E7700640F6E /* Build configuration list for PBXProject "DocumentManager" */ = {
			isa = XCConfigurationList;
			buildConfigurations = (
				C439D4DA20169E7700640F6E /* Debug */,
				C439D4DB20169E7700640F6E /* Release */,
			);
			defaultConfigurationIsVisible = 0;
			defaultConfigurationName = Release;
		};
		C439D4DC20169E7700640F6E /* Build configuration list for PBXNativeTarget "DocumentManager" */ = {
			isa = XCConfigurationList;
			buildConfigurations = (
				C439D4DD20169E7700640F6E /* Debug */,
				C439D4DE20169E7700640F6E /* Release */,
			);
			defaultConfigurationIsVisible = 0;
			defaultConfigurationName = Release;
		};
/* End XCConfigurationList section */
	};
	rootObject = C439D4C220169E7700640F6E /* Project object */;
}
